<?xml version="1.0" encoding="utf-8"?>
<Project ToolsVersion="4.0" xmlns="http://schemas.microsoft.com/developer/msbuild/2003">
  <ItemGroup>
    <Filter Include="Source Files">
      <UniqueIdentifier>{4FC737F1-C7A5-4376-A066-2A32D752A2FF}</UniqueIdentifier>
      <Extensions>cpp;c;cc;cxx;c++;cppm;ixx;def;odl;idl;hpj;bat;asm;asmx</Extensions>
    </Filter>
    <Filter Include="Header Files">
      <UniqueIdentifier>{93995380-89BD-4B04-88EB-625FBE52EBFB}</UniqueIdentifier>
      <Extensions>h;hh;hpp;hxx;h++;hm;inl;inc;ipp;xsd</Extensions>
    </Filter>
    <Filter Include="Resource Files">
      <UniqueIdentifier>{67DA6AB6-F800-4C08-8B7A-83BB121AAD01}</UniqueIdentifier>
      <Extensions>rc;ico;cur;bmp;dlg;rc2;rct;bin;rgs;gif;jpg;jpeg;jpe;resx;tiff;tif;png;wav;mfcribbon-ms</Extensions>
    </Filter>
  </ItemGroup>
  <ItemGroup>
    <ClCompile Include="CaptureRuntime.cpp"><Filter>Source Files</Filter></ClCompile>
    <ClCompile Include="CaptureWindow.cpp"><Filter>Source Files</Filter></ClCompile>
    <ClCompile Include="ConfigManager.cpp"><Filter>Source Files</Filter></ClCompile>
    <ClCompile Include="FrameBuffer.cpp"><Filter>Source Files</Filter></ClCompile>
    <ClCompile Include="main.cpp"><Filter>Source Files</Filter></ClCompile>
    <ClCompile Include="PreviewMailbox.cpp"><Filter>Source Files</Filter></ClCompile>
    <ClCompile Include="RealtimeView.cpp"><Filter>Source Files</Filter></ClCompile>
    <ClCompile Include="RecordFromBuffer.cpp"><Filter>Source Files</Filter></ClCompile>
    <ClCompile Include="SaperaUse.cpp"><Filter>Source Files</Filter></ClCompile>
  </ItemGroup>
  <ItemGroup>
    <ClInclude Include="CaptureRuntime.h"><Filter>Header Files</Filter></ClInclude>
    <ClInclude Include="CaptureWindow.h"><Filter>Header Files</Filter></ClInclude>
    <ClInclude Include="config.h"><Filter>Header Files</Filter></ClInclude>
    <ClInclude Include="ConfigManager.h"><Filter>Header Files</Filter></ClInclude>
    <ClInclude Include="FrameBuffer.h"><Filter>Header Files</Filter></ClInclude>
    <ClInclude Include="PreviewMailbox.h"><Filter>Header Files</Filter></ClInclude>
    <ClInclude Include="RealtimeView.h"><Filter>Header Files</Filter></ClInclude>
    <ClInclude Include="RecordFromBuffer.h"><Filter>Header Files</Filter></ClInclude>
    <ClInclude Include="SaperaResource.h"><Filter>Header Files</Filter></ClInclude>
    <ClInclude Include="SaperaUse.h"><Filter>Header Files</Filter></ClInclude>
  </ItemGroup>
  <ItemGroup>
    <None Include="config.ini"><Filter>Resource Files</Filter></None>
  </ItemGroup>
</Project>
